# This file is automatically @generated by Poetry 1.7.1 and should not be changed by hand.

[[package]]
name = "beautifulsoup4"
version = "4.12.2"
description = "Screen-scraping library"
optional = false
python-versions = ">=3.6.0"
files = [
    {file = "beautifulsoup4-4.12.2-py3-none-any.whl", hash = "sha256:bd2520ca0d9d7d12694a53d44ac482d181b4ec1888909b035a3dbf40d0f57d4a"},
    {file = "beautifulsoup4-4.12.2.tar.gz", hash = "sha256:492bbc69dca35d12daac71c4db1bfff0c876c00ef4a2ffacce226d4638eb72da"},
]

[package.dependencies]
soupsieve = ">1.2"

[package.extras]
html5lib = ["html5lib"]
lxml = ["lxml"]

[[package]]
name = "black"
version = "24.3.0"
description = "The uncompromising code formatter."
optional = false
python-versions = ">=3.8"
files = [
    {file = "black-24.3.0-cp310-cp310-macosx_10_9_x86_64.whl", hash = "sha256:7d5e026f8da0322b5662fa7a8e752b3fa2dac1c1cbc213c3d7ff9bdd0ab12395"},
    {file = "black-24.3.0-cp310-cp310-macosx_11_0_arm64.whl", hash = "sha256:9f50ea1132e2189d8dff0115ab75b65590a3e97de1e143795adb4ce317934995"},
    {file = "black-24.3.0-cp310-cp310-manylinux_2_17_x86_64.manylinux2014_x86_64.whl", hash = "sha256:e2af80566f43c85f5797365077fb64a393861a3730bd110971ab7a0c94e873e7"},
    {file = "black-24.3.0-cp310-cp310-win_amd64.whl", hash = "sha256:4be5bb28e090456adfc1255e03967fb67ca846a03be7aadf6249096100ee32d0"},
    {file = "black-24.3.0-cp311-cp311-macosx_10_9_x86_64.whl", hash = "sha256:4f1373a7808a8f135b774039f61d59e4be7eb56b2513d3d2f02a8b9365b8a8a9"},
    {file = "black-24.3.0-cp311-cp311-macosx_11_0_arm64.whl", hash = "sha256:aadf7a02d947936ee418777e0247ea114f78aff0d0959461057cae8a04f20597"},
    {file = "black-24.3.0-cp311-cp311-manylinux_2_17_x86_64.manylinux2014_x86_64.whl", hash = "sha256:65c02e4ea2ae09d16314d30912a58ada9a5c4fdfedf9512d23326128ac08ac3d"},
    {file = "black-24.3.0-cp311-cp311-win_amd64.whl", hash = "sha256:bf21b7b230718a5f08bd32d5e4f1db7fc8788345c8aea1d155fc17852b3410f5"},
    {file = "black-24.3.0-cp312-cp312-macosx_10_9_x86_64.whl", hash = "sha256:2818cf72dfd5d289e48f37ccfa08b460bf469e67fb7c4abb07edc2e9f16fb63f"},
    {file = "black-24.3.0-cp312-cp312-macosx_11_0_arm64.whl", hash = "sha256:4acf672def7eb1725f41f38bf6bf425c8237248bb0804faa3965c036f7672d11"},
    {file = "black-24.3.0-cp312-cp312-manylinux_2_17_x86_64.manylinux2014_x86_64.whl", hash = "sha256:c7ed6668cbbfcd231fa0dc1b137d3e40c04c7f786e626b405c62bcd5db5857e4"},
    {file = "black-24.3.0-cp312-cp312-win_amd64.whl", hash = "sha256:56f52cfbd3dabe2798d76dbdd299faa046a901041faf2cf33288bc4e6dae57b5"},
    {file = "black-24.3.0-cp38-cp38-macosx_10_9_x86_64.whl", hash = "sha256:79dcf34b33e38ed1b17434693763301d7ccbd1c5860674a8f871bd15139e7837"},
    {file = "black-24.3.0-cp38-cp38-macosx_11_0_arm64.whl", hash = "sha256:e19cb1c6365fd6dc38a6eae2dcb691d7d83935c10215aef8e6c38edee3f77abd"},
    {file = "black-24.3.0-cp38-cp38-manylinux_2_17_x86_64.manylinux2014_x86_64.whl", hash = "sha256:65b76c275e4c1c5ce6e9870911384bff5ca31ab63d19c76811cb1fb162678213"},
    {file = "black-24.3.0-cp38-cp38-win_amd64.whl", hash = "sha256:b5991d523eee14756f3c8d5df5231550ae8993e2286b8014e2fdea7156ed0959"},
    {file = "black-24.3.0-cp39-cp39-macosx_10_9_x86_64.whl", hash = "sha256:c45f8dff244b3c431b36e3224b6be4a127c6aca780853574c00faf99258041eb"},
    {file = "black-24.3.0-cp39-cp39-macosx_11_0_arm64.whl", hash = "sha256:6905238a754ceb7788a73f02b45637d820b2f5478b20fec82ea865e4f5d4d9f7"},
    {file = "black-24.3.0-cp39-cp39-manylinux_2_17_x86_64.manylinux2014_x86_64.whl", hash = "sha256:d7de8d330763c66663661a1ffd432274a2f92f07feeddd89ffd085b5744f85e7"},
    {file = "black-24.3.0-cp39-cp39-win_amd64.whl", hash = "sha256:7bb041dca0d784697af4646d3b62ba4a6b028276ae878e53f6b4f74ddd6db99f"},
    {file = "black-24.3.0-py3-none-any.whl", hash = "sha256:41622020d7120e01d377f74249e677039d20e6344ff5851de8a10f11f513bf93"},
    {file = "black-24.3.0.tar.gz", hash = "sha256:a0c9c4a0771afc6919578cec71ce82a3e31e054904e7197deacbc9382671c41f"},
]

[package.dependencies]
click = ">=8.0.0"
mypy-extensions = ">=0.4.3"
packaging = ">=22.0"
pathspec = ">=0.9.0"
platformdirs = ">=2"
tomli = {version = ">=1.1.0", markers = "python_version < \"3.11\""}
typing-extensions = {version = ">=4.0.1", markers = "python_version < \"3.11\""}

[package.extras]
colorama = ["colorama (>=0.4.3)"]
d = ["aiohttp (>=3.7.4)", "aiohttp (>=3.7.4,!=3.9.0)"]
jupyter = ["ipython (>=7.8.0)", "tokenize-rt (>=3.2.0)"]
uvloop = ["uvloop (>=0.15.2)"]

[[package]]
name = "certifi"
version = "2023.7.22"
description = "Python package for providing Mozilla's CA Bundle."
optional = false
python-versions = ">=3.6"
files = [
    {file = "certifi-2023.7.22-py3-none-any.whl", hash = "sha256:92d6037539857d8206b8f6ae472e8b77db8058fec5937a1ef3f54304089edbb9"},
    {file = "certifi-2023.7.22.tar.gz", hash = "sha256:539cc1d13202e33ca466e88b2807e29f4c13049d6d87031a3c110744495cb082"},
]

[[package]]
name = "charset-normalizer"
version = "3.3.2"
description = "The Real First Universal Charset Detector. Open, modern and actively maintained alternative to Chardet."
optional = false
python-versions = ">=3.7.0"
files = [
    {file = "charset-normalizer-3.3.2.tar.gz", hash = "sha256:f30c3cb33b24454a82faecaf01b19c18562b1e89558fb6c56de4d9118a032fd5"},
    {file = "charset_normalizer-3.3.2-cp310-cp310-macosx_10_9_universal2.whl", hash = "sha256:25baf083bf6f6b341f4121c2f3c548875ee6f5339300e08be3f2b2ba1721cdd3"},
    {file = "charset_normalizer-3.3.2-cp310-cp310-macosx_10_9_x86_64.whl", hash = "sha256:06435b539f889b1f6f4ac1758871aae42dc3a8c0e24ac9e60c2384973ad73027"},
    {file = "charset_normalizer-3.3.2-cp310-cp310-macosx_11_0_arm64.whl", hash = "sha256:9063e24fdb1e498ab71cb7419e24622516c4a04476b17a2dab57e8baa30d6e03"},
    {file = "charset_normalizer-3.3.2-cp310-cp310-manylinux_2_17_aarch64.manylinux2014_aarch64.whl", hash = "sha256:6897af51655e3691ff853668779c7bad41579facacf5fd7253b0133308cf000d"},
    {file = "charset_normalizer-3.3.2-cp310-cp310-manylinux_2_17_ppc64le.manylinux2014_ppc64le.whl", hash = "sha256:1d3193f4a680c64b4b6a9115943538edb896edc190f0b222e73761716519268e"},
    {file = "charset_normalizer-3.3.2-cp310-cp310-manylinux_2_17_s390x.manylinux2014_s390x.whl", hash = "sha256:cd70574b12bb8a4d2aaa0094515df2463cb429d8536cfb6c7ce983246983e5a6"},
    {file = "charset_normalizer-3.3.2-cp310-cp310-manylinux_2_17_x86_64.manylinux2014_x86_64.whl", hash = "sha256:8465322196c8b4d7ab6d1e049e4c5cb460d0394da4a27d23cc242fbf0034b6b5"},
    {file = "charset_normalizer-3.3.2-cp310-cp310-manylinux_2_5_i686.manylinux1_i686.manylinux_2_17_i686.manylinux2014_i686.whl", hash = "sha256:a9a8e9031d613fd2009c182b69c7b2c1ef8239a0efb1df3f7c8da66d5dd3d537"},
    {file = "charset_normalizer-3.3.2-cp310-cp310-musllinux_1_1_aarch64.whl", hash = "sha256:beb58fe5cdb101e3a055192ac291b7a21e3b7ef4f67fa1d74e331a7f2124341c"},
    {file = "charset_normalizer-3.3.2-cp310-cp310-musllinux_1_1_i686.whl", hash = "sha256:e06ed3eb3218bc64786f7db41917d4e686cc4856944f53d5bdf83a6884432e12"},
    {file = "charset_normalizer-3.3.2-cp310-cp310-musllinux_1_1_ppc64le.whl", hash = "sha256:2e81c7b9c8979ce92ed306c249d46894776a909505d8f5a4ba55b14206e3222f"},
    {file = "charset_normalizer-3.3.2-cp310-cp310-musllinux_1_1_s390x.whl", hash = "sha256:572c3763a264ba47b3cf708a44ce965d98555f618ca42c926a9c1616d8f34269"},
    {file = "charset_normalizer-3.3.2-cp310-cp310-musllinux_1_1_x86_64.whl", hash = "sha256:fd1abc0d89e30cc4e02e4064dc67fcc51bd941eb395c502aac3ec19fab46b519"},
    {file = "charset_normalizer-3.3.2-cp310-cp310-win32.whl", hash = "sha256:3d47fa203a7bd9c5b6cee4736ee84ca03b8ef23193c0d1ca99b5089f72645c73"},
    {file = "charset_normalizer-3.3.2-cp310-cp310-win_amd64.whl", hash = "sha256:10955842570876604d404661fbccbc9c7e684caf432c09c715ec38fbae45ae09"},
    {file = "charset_normalizer-3.3.2-cp311-cp311-macosx_10_9_universal2.whl", hash = "sha256:802fe99cca7457642125a8a88a084cef28ff0cf9407060f7b93dca5aa25480db"},
    {file = "charset_normalizer-3.3.2-cp311-cp311-macosx_10_9_x86_64.whl", hash = "sha256:573f6eac48f4769d667c4442081b1794f52919e7edada77495aaed9236d13a96"},
    {file = "charset_normalizer-3.3.2-cp311-cp311-macosx_11_0_arm64.whl", hash = "sha256:549a3a73da901d5bc3ce8d24e0600d1fa85524c10287f6004fbab87672bf3e1e"},
    {file = "charset_normalizer-3.3.2-cp311-cp311-manylinux_2_17_aarch64.manylinux2014_aarch64.whl", hash = "sha256:f27273b60488abe721a075bcca6d7f3964f9f6f067c8c4c605743023d7d3944f"},
    {file = "charset_normalizer-3.3.2-cp311-cp311-manylinux_2_17_ppc64le.manylinux2014_ppc64le.whl", hash = "sha256:1ceae2f17a9c33cb48e3263960dc5fc8005351ee19db217e9b1bb15d28c02574"},
    {file = "charset_normalizer-3.3.2-cp311-cp311-manylinux_2_17_s390x.manylinux2014_s390x.whl", hash = "sha256:65f6f63034100ead094b8744b3b97965785388f308a64cf8d7c34f2f2e5be0c4"},
    {file = "charset_normalizer-3.3.2-cp311-cp311-manylinux_2_17_x86_64.manylinux2014_x86_64.whl", hash = "sha256:753f10e867343b4511128c6ed8c82f7bec3bd026875576dfd88483c5c73b2fd8"},
    {file = "charset_normalizer-3.3.2-cp311-cp311-manylinux_2_5_i686.manylinux1_i686.manylinux_2_17_i686.manylinux2014_i686.whl", hash = "sha256:4a78b2b446bd7c934f5dcedc588903fb2f5eec172f3d29e52a9096a43722adfc"},
    {file = "charset_normalizer-3.3.2-cp311-cp311-musllinux_1_1_aarch64.whl", hash = "sha256:e537484df0d8f426ce2afb2d0f8e1c3d0b114b83f8850e5f2fbea0e797bd82ae"},
    {file = "charset_normalizer-3.3.2-cp311-cp311-musllinux_1_1_i686.whl", hash = "sha256:eb6904c354526e758fda7167b33005998fb68c46fbc10e013ca97f21ca5c8887"},
    {file = "charset_normalizer-3.3.2-cp311-cp311-musllinux_1_1_ppc64le.whl", hash = "sha256:deb6be0ac38ece9ba87dea880e438f25ca3eddfac8b002a2ec3d9183a454e8ae"},
    {file = "charset_normalizer-3.3.2-cp311-cp311-musllinux_1_1_s390x.whl", hash = "sha256:4ab2fe47fae9e0f9dee8c04187ce5d09f48eabe611be8259444906793ab7cbce"},
    {file = "charset_normalizer-3.3.2-cp311-cp311-musllinux_1_1_x86_64.whl", hash = "sha256:80402cd6ee291dcb72644d6eac93785fe2c8b9cb30893c1af5b8fdd753b9d40f"},
    {file = "charset_normalizer-3.3.2-cp311-cp311-win32.whl", hash = "sha256:7cd13a2e3ddeed6913a65e66e94b51d80a041145a026c27e6bb76c31a853c6ab"},
    {file = "charset_normalizer-3.3.2-cp311-cp311-win_amd64.whl", hash = "sha256:663946639d296df6a2bb2aa51b60a2454ca1cb29835324c640dafb5ff2131a77"},
    {file = "charset_normalizer-3.3.2-cp312-cp312-macosx_10_9_universal2.whl", hash = "sha256:0b2b64d2bb6d3fb9112bafa732def486049e63de9618b5843bcdd081d8144cd8"},
    {file = "charset_normalizer-3.3.2-cp312-cp312-macosx_10_9_x86_64.whl", hash = "sha256:ddbb2551d7e0102e7252db79ba445cdab71b26640817ab1e3e3648dad515003b"},
    {file = "charset_normalizer-3.3.2-cp312-cp312-macosx_11_0_arm64.whl", hash = "sha256:55086ee1064215781fff39a1af09518bc9255b50d6333f2e4c74ca09fac6a8f6"},
    {file = "charset_normalizer-3.3.2-cp312-cp312-manylinux_2_17_aarch64.manylinux2014_aarch64.whl", hash = "sha256:8f4a014bc36d3c57402e2977dada34f9c12300af536839dc38c0beab8878f38a"},
    {file = "charset_normalizer-3.3.2-cp312-cp312-manylinux_2_17_ppc64le.manylinux2014_ppc64le.whl", hash = "sha256:a10af20b82360ab00827f916a6058451b723b4e65030c5a18577c8b2de5b3389"},
    {file = "charset_normalizer-3.3.2-cp312-cp312-manylinux_2_17_s390x.manylinux2014_s390x.whl", hash = "sha256:8d756e44e94489e49571086ef83b2bb8ce311e730092d2c34ca8f7d925cb20aa"},
    {file = "charset_normalizer-3.3.2-cp312-cp312-manylinux_2_17_x86_64.manylinux2014_x86_64.whl", hash = "sha256:90d558489962fd4918143277a773316e56c72da56ec7aa3dc3dbbe20fdfed15b"},
    {file = "charset_normalizer-3.3.2-cp312-cp312-manylinux_2_5_i686.manylinux1_i686.manylinux_2_17_i686.manylinux2014_i686.whl", hash = "sha256:6ac7ffc7ad6d040517be39eb591cac5ff87416c2537df6ba3cba3bae290c0fed"},
    {file = "charset_normalizer-3.3.2-cp312-cp312-musllinux_1_1_aarch64.whl", hash = "sha256:7ed9e526742851e8d5cc9e6cf41427dfc6068d4f5a3bb03659444b4cabf6bc26"},
    {file = "charset_normalizer-3.3.2-cp312-cp312-musllinux_1_1_i686.whl", hash = "sha256:8bdb58ff7ba23002a4c5808d608e4e6c687175724f54a5dade5fa8c67b604e4d"},
    {file = "charset_normalizer-3.3.2-cp312-cp312-musllinux_1_1_ppc64le.whl", hash = "sha256:6b3251890fff30ee142c44144871185dbe13b11bab478a88887a639655be1068"},
    {file = "charset_normalizer-3.3.2-cp312-cp312-musllinux_1_1_s390x.whl", hash = "sha256:b4a23f61ce87adf89be746c8a8974fe1c823c891d8f86eb218bb957c924bb143"},
    {file = "charset_normalizer-3.3.2-cp312-cp312-musllinux_1_1_x86_64.whl", hash = "sha256:efcb3f6676480691518c177e3b465bcddf57cea040302f9f4e6e191af91174d4"},
    {file = "charset_normalizer-3.3.2-cp312-cp312-win32.whl", hash = "sha256:d965bba47ddeec8cd560687584e88cf699fd28f192ceb452d1d7ee807c5597b7"},
    {file = "charset_normalizer-3.3.2-cp312-cp312-win_amd64.whl", hash = "sha256:96b02a3dc4381e5494fad39be677abcb5e6634bf7b4fa83a6dd3112607547001"},
    {file = "charset_normalizer-3.3.2-cp37-cp37m-macosx_10_9_x86_64.whl", hash = "sha256:95f2a5796329323b8f0512e09dbb7a1860c46a39da62ecb2324f116fa8fdc85c"},
    {file = "charset_normalizer-3.3.2-cp37-cp37m-manylinux_2_17_aarch64.manylinux2014_aarch64.whl", hash = "sha256:c002b4ffc0be611f0d9da932eb0f704fe2602a9a949d1f738e4c34c75b0863d5"},
    {file = "charset_normalizer-3.3.2-cp37-cp37m-manylinux_2_17_ppc64le.manylinux2014_ppc64le.whl", hash = "sha256:a981a536974bbc7a512cf44ed14938cf01030a99e9b3a06dd59578882f06f985"},
    {file = "charset_normalizer-3.3.2-cp37-cp37m-manylinux_2_17_s390x.manylinux2014_s390x.whl", hash = "sha256:3287761bc4ee9e33561a7e058c72ac0938c4f57fe49a09eae428fd88aafe7bb6"},
    {file = "charset_normalizer-3.3.2-cp37-cp37m-manylinux_2_17_x86_64.manylinux2014_x86_64.whl", hash = "sha256:42cb296636fcc8b0644486d15c12376cb9fa75443e00fb25de0b8602e64c1714"},
    {file = "charset_normalizer-3.3.2-cp37-cp37m-manylinux_2_5_i686.manylinux1_i686.manylinux_2_17_i686.manylinux2014_i686.whl", hash = "sha256:0a55554a2fa0d408816b3b5cedf0045f4b8e1a6065aec45849de2d6f3f8e9786"},
    {file = "charset_normalizer-3.3.2-cp37-cp37m-musllinux_1_1_aarch64.whl", hash = "sha256:c083af607d2515612056a31f0a8d9e0fcb5876b7bfc0abad3ecd275bc4ebc2d5"},
    {file = "charset_normalizer-3.3.2-cp37-cp37m-musllinux_1_1_i686.whl", hash = "sha256:87d1351268731db79e0f8e745d92493ee2841c974128ef629dc518b937d9194c"},
    {file = "charset_normalizer-3.3.2-cp37-cp37m-musllinux_1_1_ppc64le.whl", hash = "sha256:bd8f7df7d12c2db9fab40bdd87a7c09b1530128315d047a086fa3ae3435cb3a8"},
    {file = "charset_normalizer-3.3.2-cp37-cp37m-musllinux_1_1_s390x.whl", hash = "sha256:c180f51afb394e165eafe4ac2936a14bee3eb10debc9d9e4db8958fe36afe711"},
    {file = "charset_normalizer-3.3.2-cp37-cp37m-musllinux_1_1_x86_64.whl", hash = "sha256:8c622a5fe39a48f78944a87d4fb8a53ee07344641b0562c540d840748571b811"},
    {file = "charset_normalizer-3.3.2-cp37-cp37m-win32.whl", hash = "sha256:db364eca23f876da6f9e16c9da0df51aa4f104a972735574842618b8c6d999d4"},
    {file = "charset_normalizer-3.3.2-cp37-cp37m-win_amd64.whl", hash = "sha256:86216b5cee4b06df986d214f664305142d9c76df9b6512be2738aa72a2048f99"},
    {file = "charset_normalizer-3.3.2-cp38-cp38-macosx_10_9_universal2.whl", hash = "sha256:6463effa3186ea09411d50efc7d85360b38d5f09b870c48e4600f63af490e56a"},
    {file = "charset_normalizer-3.3.2-cp38-cp38-macosx_10_9_x86_64.whl", hash = "sha256:6c4caeef8fa63d06bd437cd4bdcf3ffefe6738fb1b25951440d80dc7df8c03ac"},
    {file = "charset_normalizer-3.3.2-cp38-cp38-macosx_11_0_arm64.whl", hash = "sha256:37e55c8e51c236f95b033f6fb391d7d7970ba5fe7ff453dad675e88cf303377a"},
    {file = "charset_normalizer-3.3.2-cp38-cp38-manylinux_2_17_aarch64.manylinux2014_aarch64.whl", hash = "sha256:fb69256e180cb6c8a894fee62b3afebae785babc1ee98b81cdf68bbca1987f33"},
    {file = "charset_normalizer-3.3.2-cp38-cp38-manylinux_2_17_ppc64le.manylinux2014_ppc64le.whl", hash = "sha256:ae5f4161f18c61806f411a13b0310bea87f987c7d2ecdbdaad0e94eb2e404238"},
    {file = "charset_normalizer-3.3.2-cp38-cp38-manylinux_2_17_s390x.manylinux2014_s390x.whl", hash = "sha256:b2b0a0c0517616b6869869f8c581d4eb2dd83a4d79e0ebcb7d373ef9956aeb0a"},
    {file = "charset_normalizer-3.3.2-cp38-cp38-manylinux_2_17_x86_64.manylinux2014_x86_64.whl", hash = "sha256:45485e01ff4d3630ec0d9617310448a8702f70e9c01906b0d0118bdf9d124cf2"},
    {file = "charset_normalizer-3.3.2-cp38-cp38-manylinux_2_5_i686.manylinux1_i686.manylinux_2_17_i686.manylinux2014_i686.whl", hash = "sha256:eb00ed941194665c332bf8e078baf037d6c35d7c4f3102ea2d4f16ca94a26dc8"},
    {file = "charset_normalizer-3.3.2-cp38-cp38-musllinux_1_1_aarch64.whl", hash = "sha256:2127566c664442652f024c837091890cb1942c30937add288223dc895793f898"},
    {file = "charset_normalizer-3.3.2-cp38-cp38-musllinux_1_1_i686.whl", hash = "sha256:a50aebfa173e157099939b17f18600f72f84eed3049e743b68ad15bd69b6bf99"},
    {file = "charset_normalizer-3.3.2-cp38-cp38-musllinux_1_1_ppc64le.whl", hash = "sha256:4d0d1650369165a14e14e1e47b372cfcb31d6ab44e6e33cb2d4e57265290044d"},
    {file = "charset_normalizer-3.3.2-cp38-cp38-musllinux_1_1_s390x.whl", hash = "sha256:923c0c831b7cfcb071580d3f46c4baf50f174be571576556269530f4bbd79d04"},
    {file = "charset_normalizer-3.3.2-cp38-cp38-musllinux_1_1_x86_64.whl", hash = "sha256:06a81e93cd441c56a9b65d8e1d043daeb97a3d0856d177d5c90ba85acb3db087"},
    {file = "charset_normalizer-3.3.2-cp38-cp38-win32.whl", hash = "sha256:6ef1d82a3af9d3eecdba2321dc1b3c238245d890843e040e41e470ffa64c3e25"},
    {file = "charset_normalizer-3.3.2-cp38-cp38-win_amd64.whl", hash = "sha256:eb8821e09e916165e160797a6c17edda0679379a4be5c716c260e836e122f54b"},
    {file = "charset_normalizer-3.3.2-cp39-cp39-macosx_10_9_universal2.whl", hash = "sha256:c235ebd9baae02f1b77bcea61bce332cb4331dc3617d254df3323aa01ab47bd4"},
    {file = "charset_normalizer-3.3.2-cp39-cp39-macosx_10_9_x86_64.whl", hash = "sha256:5b4c145409bef602a690e7cfad0a15a55c13320ff7a3ad7ca59c13bb8ba4d45d"},
    {file = "charset_normalizer-3.3.2-cp39-cp39-macosx_11_0_arm64.whl", hash = "sha256:68d1f8a9e9e37c1223b656399be5d6b448dea850bed7d0f87a8311f1ff3dabb0"},
    {file = "charset_normalizer-3.3.2-cp39-cp39-manylinux_2_17_aarch64.manylinux2014_aarch64.whl", hash = "sha256:22afcb9f253dac0696b5a4be4a1c0f8762f8239e21b99680099abd9b2b1b2269"},
    {file = "charset_normalizer-3.3.2-cp39-cp39-manylinux_2_17_ppc64le.manylinux2014_ppc64le.whl", hash = "sha256:e27ad930a842b4c5eb8ac0016b0a54f5aebbe679340c26101df33424142c143c"},
    {file = "charset_normalizer-3.3.2-cp39-cp39-manylinux_2_17_s390x.manylinux2014_s390x.whl", hash = "sha256:1f79682fbe303db92bc2b1136016a38a42e835d932bab5b3b1bfcfbf0640e519"},
    {file = "charset_normalizer-3.3.2-cp39-cp39-manylinux_2_17_x86_64.manylinux2014_x86_64.whl", hash = "sha256:b261ccdec7821281dade748d088bb6e9b69e6d15b30652b74cbbac25e280b796"},
    {file = "charset_normalizer-3.3.2-cp39-cp39-manylinux_2_5_i686.manylinux1_i686.manylinux_2_17_i686.manylinux2014_i686.whl", hash = "sha256:122c7fa62b130ed55f8f285bfd56d5f4b4a5b503609d181f9ad85e55c89f4185"},
    {file = "charset_normalizer-3.3.2-cp39-cp39-musllinux_1_1_aarch64.whl", hash = "sha256:d0eccceffcb53201b5bfebb52600a5fb483a20b61da9dbc885f8b103cbe7598c"},
    {file = "charset_normalizer-3.3.2-cp39-cp39-musllinux_1_1_i686.whl", hash = "sha256:9f96df6923e21816da7e0ad3fd47dd8f94b2a5ce594e00677c0013018b813458"},
    {file = "charset_normalizer-3.3.2-cp39-cp39-musllinux_1_1_ppc64le.whl", hash = "sha256:7f04c839ed0b6b98b1a7501a002144b76c18fb1c1850c8b98d458ac269e26ed2"},
    {file = "charset_normalizer-3.3.2-cp39-cp39-musllinux_1_1_s390x.whl", hash = "sha256:34d1c8da1e78d2e001f363791c98a272bb734000fcef47a491c1e3b0505657a8"},
    {file = "charset_normalizer-3.3.2-cp39-cp39-musllinux_1_1_x86_64.whl", hash = "sha256:ff8fa367d09b717b2a17a052544193ad76cd49979c805768879cb63d9ca50561"},
    {file = "charset_normalizer-3.3.2-cp39-cp39-win32.whl", hash = "sha256:aed38f6e4fb3f5d6bf81bfa990a07806be9d83cf7bacef998ab1a9bd660a581f"},
    {file = "charset_normalizer-3.3.2-cp39-cp39-win_amd64.whl", hash = "sha256:b01b88d45a6fcb69667cd6d2f7a9aeb4bf53760d7fc536bf679ec94fe9f3ff3d"},
    {file = "charset_normalizer-3.3.2-py3-none-any.whl", hash = "sha256:3e4d1f6587322d2788836a99c69062fbb091331ec940e02d12d179c1d53e25fc"},
]

[[package]]
name = "click"
version = "8.1.7"
description = "Composable command line interface toolkit"
optional = false
python-versions = ">=3.7"
files = [
    {file = "click-8.1.7-py3-none-any.whl", hash = "sha256:ae74fb96c20a0277a1d615f1e4d73c8414f5a98db8b799a7931d1582f3390c28"},
    {file = "click-8.1.7.tar.gz", hash = "sha256:ca9853ad459e787e2192211578cc907e7594e294c7ccc834310722b41b9ca6de"},
]

[package.dependencies]
colorama = {version = "*", markers = "platform_system == \"Windows\""}

[[package]]
name = "colorama"
version = "0.4.6"
description = "Cross-platform colored terminal text."
optional = false
python-versions = "!=3.0.*,!=3.1.*,!=3.2.*,!=3.3.*,!=3.4.*,!=3.5.*,!=3.6.*,>=2.7"
files = [
    {file = "colorama-0.4.6-py2.py3-none-any.whl", hash = "sha256:4f1d9991f5acc0ca119f9d443620b77f9d6b33703e51011c16baf57afb285fc6"},
    {file = "colorama-0.4.6.tar.gz", hash = "sha256:08695f5cb7ed6e0531a20572697297273c47b8cae5a63ffc6d6ed5c201be6e44"},
]

[[package]]
name = "configargparse"
version = "1.7"
description = "A drop-in replacement for argparse that allows options to also be set via config files and/or environment variables."
optional = false
python-versions = ">=3.5"
files = [
    {file = "ConfigArgParse-1.7-py3-none-any.whl", hash = "sha256:d249da6591465c6c26df64a9f73d2536e743be2f244eb3ebe61114af2f94f86b"},
    {file = "ConfigArgParse-1.7.tar.gz", hash = "sha256:e7067471884de5478c58a511e529f0f9bd1c66bfef1dea90935438d6c23306d1"},
]

[package.extras]
test = ["PyYAML", "mock", "pytest"]
yaml = ["PyYAML"]

[[package]]
name = "idna"
version = "3.4"
description = "Internationalized Domain Names in Applications (IDNA)"
optional = false
python-versions = ">=3.5"
files = [
    {file = "idna-3.4-py3-none-any.whl", hash = "sha256:90b77e79eaa3eba6de819a0c442c0b4ceefc341a7a2ab77d7562bf49f425c5c2"},
    {file = "idna-3.4.tar.gz", hash = "sha256:814f528e8dead7d329833b91c5faa87d60bf71824cd12a7530b5526063d02cb4"},
]

[[package]]
name = "isort"
version = "5.12.0"
description = "A Python utility / library to sort Python imports."
optional = false
python-versions = ">=3.8.0"
files = [
    {file = "isort-5.12.0-py3-none-any.whl", hash = "sha256:f84c2818376e66cf843d497486ea8fed8700b340f308f076c6fb1229dff318b6"},
    {file = "isort-5.12.0.tar.gz", hash = "sha256:8bef7dde241278824a6d83f44a544709b065191b95b6e50894bdc722fcba0504"},
]

[package.extras]
colors = ["colorama (>=0.4.3)"]
pipfile-deprecated-finder = ["pip-shims (>=0.5.2)", "pipreqs", "requirementslib"]
plugins = ["setuptools"]
requirements-deprecated-finder = ["pip-api", "pipreqs"]

[[package]]
name = "lxml"
version = "4.9.3"
description = "Powerful and Pythonic XML processing library combining libxml2/libxslt with the ElementTree API."
optional = false
python-versions = ">=2.7, !=3.0.*, !=3.1.*, !=3.2.*, !=3.3.*, != 3.4.*"
files = [
    {file = "lxml-4.9.3-cp27-cp27m-macosx_11_0_x86_64.whl", hash = "sha256:b0a545b46b526d418eb91754565ba5b63b1c0b12f9bd2f808c852d9b4b2f9b5c"},
    {file = "lxml-4.9.3-cp27-cp27m-manylinux_2_5_i686.manylinux1_i686.whl", hash = "sha256:075b731ddd9e7f68ad24c635374211376aa05a281673ede86cbe1d1b3455279d"},
    {file = "lxml-4.9.3-cp27-cp27m-manylinux_2_5_x86_64.manylinux1_x86_64.whl", hash = "sha256:1e224d5755dba2f4a9498e150c43792392ac9b5380aa1b845f98a1618c94eeef"},
    {file = "lxml-4.9.3-cp27-cp27m-win32.whl", hash = "sha256:2c74524e179f2ad6d2a4f7caf70e2d96639c0954c943ad601a9e146c76408ed7"},
    {file = "lxml-4.9.3-cp27-cp27m-win_amd64.whl", hash = "sha256:4f1026bc732b6a7f96369f7bfe1a4f2290fb34dce00d8644bc3036fb351a4ca1"},
    {file = "lxml-4.9.3-cp27-cp27mu-manylinux_2_5_i686.manylinux1_i686.whl", hash = "sha256:c0781a98ff5e6586926293e59480b64ddd46282953203c76ae15dbbbf302e8bb"},
    {file = "lxml-4.9.3-cp27-cp27mu-manylinux_2_5_x86_64.manylinux1_x86_64.whl", hash = "sha256:cef2502e7e8a96fe5ad686d60b49e1ab03e438bd9123987994528febd569868e"},
    {file = "lxml-4.9.3-cp310-cp310-macosx_11_0_x86_64.whl", hash = "sha256:b86164d2cff4d3aaa1f04a14685cbc072efd0b4f99ca5708b2ad1b9b5988a991"},
    {file = "lxml-4.9.3-cp310-cp310-manylinux_2_12_i686.manylinux2010_i686.manylinux_2_24_i686.whl", hash = "sha256:42871176e7896d5d45138f6d28751053c711ed4d48d8e30b498da155af39aebd"},
    {file = "lxml-4.9.3-cp310-cp310-manylinux_2_17_x86_64.manylinux2014_x86_64.manylinux_2_24_x86_64.whl", hash = "sha256:ae8b9c6deb1e634ba4f1930eb67ef6e6bf6a44b6eb5ad605642b2d6d5ed9ce3c"},
    {file = "lxml-4.9.3-cp310-cp310-manylinux_2_28_aarch64.whl", hash = "sha256:411007c0d88188d9f621b11d252cce90c4a2d1a49db6c068e3c16422f306eab8"},
    {file = "lxml-4.9.3-cp310-cp310-manylinux_2_28_x86_64.whl", hash = "sha256:cd47b4a0d41d2afa3e58e5bf1f62069255aa2fd6ff5ee41604418ca925911d76"},
    {file = "lxml-4.9.3-cp310-cp310-musllinux_1_1_aarch64.whl", hash = "sha256:0e2cb47860da1f7e9a5256254b74ae331687b9672dfa780eed355c4c9c3dbd23"},
    {file = "lxml-4.9.3-cp310-cp310-musllinux_1_1_x86_64.whl", hash = "sha256:1247694b26342a7bf47c02e513d32225ededd18045264d40758abeb3c838a51f"},
    {file = "lxml-4.9.3-cp310-cp310-win32.whl", hash = "sha256:cdb650fc86227eba20de1a29d4b2c1bfe139dc75a0669270033cb2ea3d391b85"},
    {file = "lxml-4.9.3-cp310-cp310-win_amd64.whl", hash = "sha256:97047f0d25cd4bcae81f9ec9dc290ca3e15927c192df17331b53bebe0e3ff96d"},
    {file = "lxml-4.9.3-cp311-cp311-macosx_11_0_universal2.whl", hash = "sha256:1f447ea5429b54f9582d4b955f5f1985f278ce5cf169f72eea8afd9502973dd5"},
    {file = "lxml-4.9.3-cp311-cp311-manylinux_2_12_i686.manylinux2010_i686.manylinux_2_24_i686.whl", hash = "sha256:57d6ba0ca2b0c462f339640d22882acc711de224d769edf29962b09f77129cbf"},
    {file = "lxml-4.9.3-cp311-cp311-manylinux_2_17_x86_64.manylinux2014_x86_64.manylinux_2_24_x86_64.whl", hash = "sha256:9767e79108424fb6c3edf8f81e6730666a50feb01a328f4a016464a5893f835a"},
    {file = "lxml-4.9.3-cp311-cp311-manylinux_2_28_aarch64.whl", hash = "sha256:71c52db65e4b56b8ddc5bb89fb2e66c558ed9d1a74a45ceb7dcb20c191c3df2f"},
    {file = "lxml-4.9.3-cp311-cp311-manylinux_2_28_x86_64.whl", hash = "sha256:d73d8ecf8ecf10a3bd007f2192725a34bd62898e8da27eb9d32a58084f93962b"},
    {file = "lxml-4.9.3-cp311-cp311-musllinux_1_1_aarch64.whl", hash = "sha256:0a3d3487f07c1d7f150894c238299934a2a074ef590b583103a45002035be120"},
    {file = "lxml-4.9.3-cp311-cp311-musllinux_1_1_x86_64.whl", hash = "sha256:9e28c51fa0ce5674be9f560c6761c1b441631901993f76700b1b30ca6c8378d6"},
    {file = "lxml-4.9.3-cp311-cp311-win32.whl", hash = "sha256:0bfd0767c5c1de2551a120673b72e5d4b628737cb05414f03c3277bf9bed3305"},
    {file = "lxml-4.9.3-cp311-cp311-win_amd64.whl", hash = "sha256:25f32acefac14ef7bd53e4218fe93b804ef6f6b92ffdb4322bb6d49d94cad2bc"},
    {file = "lxml-4.9.3-cp312-cp312-macosx_11_0_universal2.whl", hash = "sha256:d3ff32724f98fbbbfa9f49d82852b159e9784d6094983d9a8b7f2ddaebb063d4"},
    {file = "lxml-4.9.3-cp312-cp312-manylinux_2_28_aarch64.whl", hash = "sha256:48d6ed886b343d11493129e019da91d4039826794a3e3027321c56d9e71505be"},
    {file = "lxml-4.9.3-cp312-cp312-manylinux_2_28_x86_64.whl", hash = "sha256:9a92d3faef50658dd2c5470af249985782bf754c4e18e15afb67d3ab06233f13"},
    {file = "lxml-4.9.3-cp312-cp312-musllinux_1_1_aarch64.whl", hash = "sha256:b4e4bc18382088514ebde9328da057775055940a1f2e18f6ad2d78aa0f3ec5b9"},
    {file = "lxml-4.9.3-cp312-cp312-musllinux_1_1_x86_64.whl", hash = "sha256:fc9b106a1bf918db68619fdcd6d5ad4f972fdd19c01d19bdb6bf63f3589a9ec5"},
    {file = "lxml-4.9.3-cp312-cp312-win_amd64.whl", hash = "sha256:d37017287a7adb6ab77e1c5bee9bcf9660f90ff445042b790402a654d2ad81d8"},
    {file = "lxml-4.9.3-cp35-cp35m-manylinux_2_5_i686.manylinux1_i686.whl", hash = "sha256:56dc1f1ebccc656d1b3ed288f11e27172a01503fc016bcabdcbc0978b19352b7"},
    {file = "lxml-4.9.3-cp35-cp35m-manylinux_2_5_x86_64.manylinux1_x86_64.whl", hash = "sha256:578695735c5a3f51569810dfebd05dd6f888147a34f0f98d4bb27e92b76e05c2"},
    {file = "lxml-4.9.3-cp35-cp35m-win32.whl", hash = "sha256:704f61ba8c1283c71b16135caf697557f5ecf3e74d9e453233e4771d68a1f42d"},
    {file = "lxml-4.9.3-cp35-cp35m-win_amd64.whl", hash = "sha256:c41bfca0bd3532d53d16fd34d20806d5c2b1ace22a2f2e4c0008570bf2c58833"},
    {file = "lxml-4.9.3-cp36-cp36m-macosx_11_0_x86_64.whl", hash = "sha256:64f479d719dc9f4c813ad9bb6b28f8390360660b73b2e4beb4cb0ae7104f1c12"},
    {file = "lxml-4.9.3-cp36-cp36m-manylinux_2_12_i686.manylinux2010_i686.manylinux_2_24_i686.whl", hash = "sha256:dd708cf4ee4408cf46a48b108fb9427bfa00b9b85812a9262b5c668af2533ea5"},
    {file = "lxml-4.9.3-cp36-cp36m-manylinux_2_17_aarch64.manylinux2014_aarch64.whl", hash = "sha256:5c31c7462abdf8f2ac0577d9f05279727e698f97ecbb02f17939ea99ae8daa98"},
    {file = "lxml-4.9.3-cp36-cp36m-manylinux_2_17_x86_64.manylinux2014_x86_64.manylinux_2_24_x86_64.whl", hash = "sha256:e3cd95e10c2610c360154afdc2f1480aea394f4a4f1ea0a5eacce49640c9b190"},
    {file = "lxml-4.9.3-cp36-cp36m-manylinux_2_28_x86_64.whl", hash = "sha256:4930be26af26ac545c3dffb662521d4e6268352866956672231887d18f0eaab2"},
    {file = "lxml-4.9.3-cp36-cp36m-manylinux_2_5_i686.manylinux1_i686.whl", hash = "sha256:4aec80cde9197340bc353d2768e2a75f5f60bacda2bab72ab1dc499589b3878c"},
    {file = "lxml-4.9.3-cp36-cp36m-manylinux_2_5_x86_64.manylinux1_x86_64.whl", hash = "sha256:14e019fd83b831b2e61baed40cab76222139926b1fb5ed0e79225bc0cae14584"},
    {file = "lxml-4.9.3-cp36-cp36m-musllinux_1_1_aarch64.whl", hash = "sha256:0c0850c8b02c298d3c7006b23e98249515ac57430e16a166873fc47a5d549287"},
    {file = "lxml-4.9.3-cp36-cp36m-musllinux_1_1_x86_64.whl", hash = "sha256:aca086dc5f9ef98c512bac8efea4483eb84abbf926eaeedf7b91479feb092458"},
    {file = "lxml-4.9.3-cp36-cp36m-win32.whl", hash = "sha256:50baa9c1c47efcaef189f31e3d00d697c6d4afda5c3cde0302d063492ff9b477"},
    {file = "lxml-4.9.3-cp36-cp36m-win_amd64.whl", hash = "sha256:bef4e656f7d98aaa3486d2627e7d2df1157d7e88e7efd43a65aa5dd4714916cf"},
    {file = "lxml-4.9.3-cp37-cp37m-manylinux_2_12_i686.manylinux2010_i686.manylinux_2_24_i686.whl", hash = "sha256:46f409a2d60f634fe550f7133ed30ad5321ae2e6630f13657fb9479506b00601"},
    {file = "lxml-4.9.3-cp37-cp37m-manylinux_2_17_aarch64.manylinux2014_aarch64.manylinux_2_24_aarch64.whl", hash = "sha256:4c28a9144688aef80d6ea666c809b4b0e50010a2aca784c97f5e6bf143d9f129"},
    {file = "lxml-4.9.3-cp37-cp37m-manylinux_2_17_x86_64.manylinux2014_x86_64.manylinux_2_24_x86_64.whl", hash = "sha256:141f1d1a9b663c679dc524af3ea1773e618907e96075262726c7612c02b149a4"},
    {file = "lxml-4.9.3-cp37-cp37m-manylinux_2_28_x86_64.whl", hash = "sha256:53ace1c1fd5a74ef662f844a0413446c0629d151055340e9893da958a374f70d"},
    {file = "lxml-4.9.3-cp37-cp37m-manylinux_2_5_i686.manylinux1_i686.whl", hash = "sha256:17a753023436a18e27dd7769e798ce302963c236bc4114ceee5b25c18c52c693"},
    {file = "lxml-4.9.3-cp37-cp37m-manylinux_2_5_x86_64.manylinux1_x86_64.whl", hash = "sha256:7d298a1bd60c067ea75d9f684f5f3992c9d6766fadbc0bcedd39750bf344c2f4"},
    {file = "lxml-4.9.3-cp37-cp37m-musllinux_1_1_aarch64.whl", hash = "sha256:081d32421db5df44c41b7f08a334a090a545c54ba977e47fd7cc2deece78809a"},
    {file = "lxml-4.9.3-cp37-cp37m-musllinux_1_1_x86_64.whl", hash = "sha256:23eed6d7b1a3336ad92d8e39d4bfe09073c31bfe502f20ca5116b2a334f8ec02"},
    {file = "lxml-4.9.3-cp37-cp37m-win32.whl", hash = "sha256:1509dd12b773c02acd154582088820893109f6ca27ef7291b003d0e81666109f"},
    {file = "lxml-4.9.3-cp37-cp37m-win_amd64.whl", hash = "sha256:120fa9349a24c7043854c53cae8cec227e1f79195a7493e09e0c12e29f918e52"},
    {file = "lxml-4.9.3-cp38-cp38-manylinux_2_12_i686.manylinux2010_i686.manylinux_2_24_i686.whl", hash = "sha256:4d2d1edbca80b510443f51afd8496be95529db04a509bc8faee49c7b0fb6d2cc"},
    {file = "lxml-4.9.3-cp38-cp38-manylinux_2_17_aarch64.manylinux2014_aarch64.manylinux_2_24_aarch64.whl", hash = "sha256:8d7e43bd40f65f7d97ad8ef5c9b1778943d02f04febef12def25f7583d19baac"},
    {file = "lxml-4.9.3-cp38-cp38-manylinux_2_17_x86_64.manylinux2014_x86_64.manylinux_2_24_x86_64.whl", hash = "sha256:71d66ee82e7417828af6ecd7db817913cb0cf9d4e61aa0ac1fde0583d84358db"},
    {file = "lxml-4.9.3-cp38-cp38-manylinux_2_28_x86_64.whl", hash = "sha256:6fc3c450eaa0b56f815c7b62f2b7fba7266c4779adcf1cece9e6deb1de7305ce"},
    {file = "lxml-4.9.3-cp38-cp38-manylinux_2_5_i686.manylinux1_i686.whl", hash = "sha256:65299ea57d82fb91c7f019300d24050c4ddeb7c5a190e076b5f48a2b43d19c42"},
    {file = "lxml-4.9.3-cp38-cp38-manylinux_2_5_x86_64.manylinux1_x86_64.whl", hash = "sha256:eadfbbbfb41b44034a4c757fd5d70baccd43296fb894dba0295606a7cf3124aa"},
    {file = "lxml-4.9.3-cp38-cp38-musllinux_1_1_aarch64.whl", hash = "sha256:3e9bdd30efde2b9ccfa9cb5768ba04fe71b018a25ea093379c857c9dad262c40"},
    {file = "lxml-4.9.3-cp38-cp38-musllinux_1_1_x86_64.whl", hash = "sha256:fcdd00edfd0a3001e0181eab3e63bd5c74ad3e67152c84f93f13769a40e073a7"},
    {file = "lxml-4.9.3-cp38-cp38-win32.whl", hash = "sha256:57aba1bbdf450b726d58b2aea5fe47c7875f5afb2c4a23784ed78f19a0462574"},
    {file = "lxml-4.9.3-cp38-cp38-win_amd64.whl", hash = "sha256:92af161ecbdb2883c4593d5ed4815ea71b31fafd7fd05789b23100d081ecac96"},
    {file = "lxml-4.9.3-cp39-cp39-macosx_11_0_x86_64.whl", hash = "sha256:9bb6ad405121241e99a86efff22d3ef469024ce22875a7ae045896ad23ba2340"},
    {file = "lxml-4.9.3-cp39-cp39-manylinux_2_12_i686.manylinux2010_i686.manylinux_2_24_i686.whl", hash = "sha256:8ed74706b26ad100433da4b9d807eae371efaa266ffc3e9191ea436087a9d6a7"},
    {file = "lxml-4.9.3-cp39-cp39-manylinux_2_17_x86_64.manylinux2014_x86_64.manylinux_2_24_x86_64.whl", hash = "sha256:fbf521479bcac1e25a663df882c46a641a9bff6b56dc8b0fafaebd2f66fb231b"},
    {file = "lxml-4.9.3-cp39-cp39-manylinux_2_28_aarch64.whl", hash = "sha256:303bf1edce6ced16bf67a18a1cf8339d0db79577eec5d9a6d4a80f0fb10aa2da"},
    {file = "lxml-4.9.3-cp39-cp39-manylinux_2_28_x86_64.whl", hash = "sha256:5515edd2a6d1a5a70bfcdee23b42ec33425e405c5b351478ab7dc9347228f96e"},
    {file = "lxml-4.9.3-cp39-cp39-manylinux_2_5_i686.manylinux1_i686.whl", hash = "sha256:690dafd0b187ed38583a648076865d8c229661ed20e48f2335d68e2cf7dc829d"},
    {file = "lxml-4.9.3-cp39-cp39-manylinux_2_5_x86_64.manylinux1_x86_64.whl", hash = "sha256:b6420a005548ad52154c8ceab4a1290ff78d757f9e5cbc68f8c77089acd3c432"},
    {file = "lxml-4.9.3-cp39-cp39-musllinux_1_1_aarch64.whl", hash = "sha256:bb3bb49c7a6ad9d981d734ef7c7193bc349ac338776a0360cc671eaee89bcf69"},
    {file = "lxml-4.9.3-cp39-cp39-musllinux_1_1_x86_64.whl", hash = "sha256:d27be7405547d1f958b60837dc4c1007da90b8b23f54ba1f8b728c78fdb19d50"},
    {file = "lxml-4.9.3-cp39-cp39-win32.whl", hash = "sha256:8df133a2ea5e74eef5e8fc6f19b9e085f758768a16e9877a60aec455ed2609b2"},
    {file = "lxml-4.9.3-cp39-cp39-win_amd64.whl", hash = "sha256:4dd9a263e845a72eacb60d12401e37c616438ea2e5442885f65082c276dfb2b2"},
    {file = "lxml-4.9.3-pp310-pypy310_pp73-manylinux_2_28_x86_64.whl", hash = "sha256:6689a3d7fd13dc687e9102a27e98ef33730ac4fe37795d5036d18b4d527abd35"},
    {file = "lxml-4.9.3-pp37-pypy37_pp73-manylinux_2_12_i686.manylinux2010_i686.manylinux_2_24_i686.whl", hash = "sha256:f6bdac493b949141b733c5345b6ba8f87a226029cbabc7e9e121a413e49441e0"},
    {file = "lxml-4.9.3-pp37-pypy37_pp73-manylinux_2_17_x86_64.manylinux2014_x86_64.manylinux_2_24_x86_64.whl", hash = "sha256:05186a0f1346ae12553d66df1cfce6f251589fea3ad3da4f3ef4e34b2d58c6a3"},
    {file = "lxml-4.9.3-pp37-pypy37_pp73-manylinux_2_28_x86_64.whl", hash = "sha256:c2006f5c8d28dee289f7020f721354362fa304acbaaf9745751ac4006650254b"},
    {file = "lxml-4.9.3-pp38-pypy38_pp73-macosx_11_0_x86_64.whl", hash = "sha256:5c245b783db29c4e4fbbbfc9c5a78be496c9fea25517f90606aa1f6b2b3d5f7b"},
    {file = "lxml-4.9.3-pp38-pypy38_pp73-manylinux_2_12_i686.manylinux2010_i686.manylinux_2_24_i686.whl", hash = "sha256:4fb960a632a49f2f089d522f70496640fdf1218f1243889da3822e0a9f5f3ba7"},
    {file = "lxml-4.9.3-pp38-pypy38_pp73-manylinux_2_17_x86_64.manylinux2014_x86_64.manylinux_2_24_x86_64.whl", hash = "sha256:50670615eaf97227d5dc60de2dc99fb134a7130d310d783314e7724bf163f75d"},
    {file = "lxml-4.9.3-pp38-pypy38_pp73-manylinux_2_28_x86_64.whl", hash = "sha256:9719fe17307a9e814580af1f5c6e05ca593b12fb7e44fe62450a5384dbf61b4b"},
    {file = "lxml-4.9.3-pp38-pypy38_pp73-win_amd64.whl", hash = "sha256:3331bece23c9ee066e0fb3f96c61322b9e0f54d775fccefff4c38ca488de283a"},
    {file = "lxml-4.9.3-pp39-pypy39_pp73-macosx_11_0_x86_64.whl", hash = "sha256:ed667f49b11360951e201453fc3967344d0d0263aa415e1619e85ae7fd17b4e0"},
    {file = "lxml-4.9.3-pp39-pypy39_pp73-manylinux_2_12_i686.manylinux2010_i686.manylinux_2_24_i686.whl", hash = "sha256:8b77946fd508cbf0fccd8e400a7f71d4ac0e1595812e66025bac475a8e811694"},
    {file = "lxml-4.9.3-pp39-pypy39_pp73-manylinux_2_17_x86_64.manylinux2014_x86_64.manylinux_2_24_x86_64.whl", hash = "sha256:e4da8ca0c0c0aea88fd46be8e44bd49716772358d648cce45fe387f7b92374a7"},
    {file = "lxml-4.9.3-pp39-pypy39_pp73-manylinux_2_28_x86_64.whl", hash = "sha256:fe4bda6bd4340caa6e5cf95e73f8fea5c4bfc55763dd42f1b50a94c1b4a2fbd4"},
    {file = "lxml-4.9.3-pp39-pypy39_pp73-win_amd64.whl", hash = "sha256:f3df3db1d336b9356dd3112eae5f5c2b8b377f3bc826848567f10bfddfee77e9"},
    {file = "lxml-4.9.3.tar.gz", hash = "sha256:48628bd53a426c9eb9bc066a923acaa0878d1e86129fd5359aee99285f4eed9c"},
]

[package.extras]
cssselect = ["cssselect (>=0.7)"]
html5 = ["html5lib"]
htmlsoup = ["BeautifulSoup4"]
source = ["Cython (>=0.29.35)"]

[[package]]
name = "mypy-extensions"
version = "1.0.0"
description = "Type system extensions for programs checked with the mypy type checker."
optional = false
python-versions = ">=3.5"
files = [
    {file = "mypy_extensions-1.0.0-py3-none-any.whl", hash = "sha256:4392f6c0eb8a5668a69e23d168ffa70f0be9ccfd32b5cc2d26a34ae5b844552d"},
    {file = "mypy_extensions-1.0.0.tar.gz", hash = "sha256:75dbf8955dc00442a438fc4d0666508a9a97b6bd41aa2f0ffe9d2f2725af0782"},
]

[[package]]
name = "packaging"
version = "24.0"
description = "Core utilities for Python packages"
optional = false
python-versions = ">=3.7"
files = [
    {file = "packaging-24.0-py3-none-any.whl", hash = "sha256:2ddfb553fdf02fb784c234c7ba6ccc288296ceabec964ad2eae3777778130bc5"},
    {file = "packaging-24.0.tar.gz", hash = "sha256:eb82c5e3e56209074766e6885bb04b8c38a0c015d0a30036ebe7ece34c9989e9"},
]

[[package]]
name = "pathspec"
version = "0.11.2"
description = "Utility library for gitignore style pattern matching of file paths."
optional = false
python-versions = ">=3.7"
files = [
    {file = "pathspec-0.11.2-py3-none-any.whl", hash = "sha256:1d6ed233af05e679efb96b1851550ea95bbb64b7c490b0f5aa52996c11e92a20"},
    {file = "pathspec-0.11.2.tar.gz", hash = "sha256:e0d8d0ac2f12da61956eb2306b69f9469b42f4deb0f3cb6ed47b9cce9996ced3"},
]

[[package]]
name = "platformdirs"
version = "3.11.0"
description = "A small Python package for determining appropriate platform-specific dirs, e.g. a \"user data dir\"."
optional = false
python-versions = ">=3.7"
files = [
    {file = "platformdirs-3.11.0-py3-none-any.whl", hash = "sha256:e9d171d00af68be50e9202731309c4e658fd8bc76f55c11c7dd760d023bda68e"},
    {file = "platformdirs-3.11.0.tar.gz", hash = "sha256:cf8ee52a3afdb965072dcc652433e0c7e3e40cf5ea1477cd4b3b1d2eb75495b3"},
]

[package.extras]
docs = ["furo (>=2023.7.26)", "proselint (>=0.13)", "sphinx (>=7.1.1)", "sphinx-autodoc-typehints (>=1.24)"]
test = ["appdirs (==1.4.4)", "covdefaults (>=2.3)", "pytest (>=7.4)", "pytest-cov (>=4.1)", "pytest-mock (>=3.11.1)"]

[[package]]
name = "requests"
version = "2.31.0"
description = "Python HTTP for Humans."
optional = false
python-versions = ">=3.7"
files = [
    {file = "requests-2.31.0-py3-none-any.whl", hash = "sha256:58cd2187c01e70e6e26505bca751777aa9f2ee0b7f4300988b709f44e013003f"},
    {file = "requests-2.31.0.tar.gz", hash = "sha256:942c5a758f98d790eaed1a29cb6eefc7ffb0d1cf7af05c3d2791656dbd6ad1e1"},
]

[package.dependencies]
certifi = ">=2017.4.17"
charset-normalizer = ">=2,<4"
idna = ">=2.5,<4"
urllib3 = ">=1.21.1,<3"

[package.extras]
socks = ["PySocks (>=1.5.6,!=1.5.7)"]
use-chardet-on-py3 = ["chardet (>=3.0.2,<6)"]

[[package]]
name = "soupsieve"
version = "2.5"
description = "A modern CSS selector implementation for Beautiful Soup."
optional = false
python-versions = ">=3.8"
files = [
    {file = "soupsieve-2.5-py3-none-any.whl", hash = "sha256:eaa337ff55a1579b6549dc679565eac1e3d000563bcb1c8ab0d0fefbc0c2cdc7"},
    {file = "soupsieve-2.5.tar.gz", hash = "sha256:5663d5a7b3bfaeee0bc4372e7fc48f9cff4940b3eec54a6451cc5299f1097690"},
]

[[package]]
name = "tomli"
version = "2.0.1"
description = "A lil' TOML parser"
optional = false
python-versions = ">=3.7"
files = [
    {file = "tomli-2.0.1-py3-none-any.whl", hash = "sha256:939de3e7a6161af0c887ef91b7d41a53e7c5a1ca976325f429cb46ea9bc30ecc"},
    {file = "tomli-2.0.1.tar.gz", hash = "sha256:de526c12914f0c550d15924c62d72abc48d6fe7364aa87328337a31007fe8a4f"},
]

[[package]]
name = "tqdm"
version = "4.66.1"
description = "Fast, Extensible Progress Meter"
optional = false
python-versions = ">=3.7"
files = [
    {file = "tqdm-4.66.1-py3-none-any.whl", hash = "sha256:d302b3c5b53d47bce91fea46679d9c3c6508cf6332229aa1e7d8653723793386"},
    {file = "tqdm-4.66.1.tar.gz", hash = "sha256:d88e651f9db8d8551a62556d3cff9e3034274ca5d66e93197cf2490e2dcb69c7"},
]

[package.dependencies]
colorama = {version = "*", markers = "platform_system == \"Windows\""}

[package.extras]
dev = ["pytest (>=6)", "pytest-cov", "pytest-timeout", "pytest-xdist"]
notebook = ["ipywidgets (>=6)"]
slack = ["slack-sdk"]
telegram = ["requests"]

[[package]]
name = "typing-extensions"
version = "4.8.0"
description = "Backported and Experimental Type Hints for Python 3.8+"
optional = false
python-versions = ">=3.8"
files = [
    {file = "typing_extensions-4.8.0-py3-none-any.whl", hash = "sha256:8f92fc8806f9a6b641eaa5318da32b44d401efaac0f6678c9bc448ba3605faa0"},
    {file = "typing_extensions-4.8.0.tar.gz", hash = "sha256:df8e4339e9cb77357558cbdbceca33c303714cf861d1eef15e1070055ae8b7ef"},
]

[[package]]
name = "urllib3"
version = "2.0.7"
description = "HTTP library with thread-safe connection pooling, file post, and more."
optional = false
python-versions = ">=3.7"
files = [
    {file = "urllib3-2.0.7-py3-none-any.whl", hash = "sha256:fdb6d215c776278489906c2f8916e6e7d4f5a9b602ccbcfdf7f016fc8da0596e"},
    {file = "urllib3-2.0.7.tar.gz", hash = "sha256:c97dfde1f7bd43a71c8d2a58e369e9b2bf692d1334ea9f9cae55add7d0dd0f84"},
]

[package.extras]
brotli = ["brotli (>=1.0.9)", "brotlicffi (>=0.8.0)"]
secure = ["certifi", "cryptography (>=1.9)", "idna (>=2.0.0)", "pyopenssl (>=17.1.0)", "urllib3-secure-extra"]
socks = ["pysocks (>=1.5.6,!=1.5.7,<2.0)"]
zstd = ["zstandard (>=0.18.0)"]

[metadata]
lock-version = "2.0"
python-versions = "^3.8"
content-hash = "7d0c88aa874ee9cf068a3cf8e2b72df40b0b08e783af202a644acd8f080dc26e"
